
Microsoft Visual Studio Solution File, Format Version 12.00
# Visual Studio Version 16
VisualStudioVersion = 16.0.32802.440
MinimumVisualStudioVersion = 10.0.40219.1
Project("{FAE04EC0-301F-11D3-BF4B-00C04F79EFBC}") = "Test_Project", "Test_Project.csproj", "{66DEE801-E249-4F07-AD12-9DC5D1E4E8D0}"
EndProject
Global
	GlobalSection(SolutionConfigurationPlatforms) = preSolution
		Debug|Any CPU = Debug|Any CPU
		Release|Any CPU = Release|Any CPU
	EndGlobalSection
	GlobalSection(ProjectConfigurationPlatforms) = postSolution
		{66DEE801-E249-4F07-AD12-9DC5D1E4E8D0}.Debug|Any CPU.ActiveCfg = Debug|Any CPU
		{66DEE801-E249-4F07-AD12-9DC5D1E4E8D0}.Debug|Any CPU.Build.0 = Debug|Any CPU
		{66DEE801-E249-4F07-AD12-9DC5D1E4E8D0}.Release|Any CPU.ActiveCfg = Release|Any CPU
		{66DEE801-E249-4F07-AD12-9DC5D1E4E8D0}.Release|Any CPU.Build.0 = Release|Any CPU
	EndGlobalSection
	GlobalSection(SolutionProperties) = preSolution
		HideSolutionNode = FALSE
	EndGlobalSection
	GlobalSection(ExtensibilityGlobals) = postSolution
		SolutionGuid = {275FF9DA-2909-46FC-BD93-EEE2C2C287B2}
	EndGlobalSection
EndGlobal
